
Microsoft Visual Studio Solution File, Format Version 12.00
# Visual Studio Version 16
VisualStudioVersion = 16.0.30204.135
MinimumVisualStudioVersion = 10.0.40219.1
Project("{FAE04EC0-301F-11D3-BF4B-00C04F79EFBC}") = "Demo", "Demo\Demo.csproj", "{9C7DBE86-5EE8-46A3-BE43-BDBC7FAC5662}"
EndProject
Global
	GlobalSection(SolutionConfigurationPlatforms) = preSolution
		Debug|Any CPU = Debug|Any CPU
		Release|Any CPU = Release|Any CPU
	EndGlobalSection
	GlobalSection(ProjectConfigurationPlatforms) = postSolution
		{9C7DBE86-5EE8-46A3-BE43-BDBC7FAC5662}.Debug|Any CPU.ActiveCfg = Debug|Any CPU
		{9C7DBE86-5EE8-46A3-BE43-BDBC7FAC5662}.Debug|Any CPU.Build.0 = Debug|Any CPU
		{9C7DBE86-5EE8-46A3-BE43-BDBC7FAC5662}.Release|Any CPU.ActiveCfg = Release|Any CPU
		{9C7DBE86-5EE8-46A3-BE43-BDBC7FAC5662}.Release|Any CPU.Build.0 = Release|Any CPU
	EndGlobalSection
	GlobalSection(SolutionProperties) = preSolution
		HideSolutionNode = FALSE
	EndGlobalSection
	GlobalSection(ExtensibilityGlobals) = postSolution
		SolutionGuid = {D88BBA3B-B851-4BED-87CD-4D4AE68F06B7}
	EndGlobalSection
EndGlobal
